Microsoft Visual Studio Solution File, Format Version 8.00
Project("{8BC9CEB8-8B4A-11D0-8D11-00A0C91BC942}") = "procrun", "procrun.vcproj", "{A90DF83B-1E82-4610-AFA2-3AC7010BF5D9}"
	ProjectSection(ProjectDependencies) = postProject
	EndProjectSection
EndProject
Project("{8BC9CEB8-8B4A-11D0-8D11-00A0C91BC942}") = "testchild", "testchild\testchild.vcproj", "{C815B005-1292-47F7-9052-F46676CE2879}"
	ProjectSection(ProjectDependencies) = postProject
	EndProjectSection
EndProject
Global
	GlobalSection(SolutionConfiguration) = preSolution
		Debug = Debug
		Debug CONSOLE = Debug CONSOLE
		Release = Release
		Release CONSOLE = Release CONSOLE
	EndGlobalSection
	GlobalSection(ProjectConfiguration) = postSolution
		{A90DF83B-1E82-4610-AFA2-3AC7010BF5D9}.Debug.ActiveCfg = Debug|Win32
		{A90DF83B-1E82-4610-AFA2-3AC7010BF5D9}.Debug.Build.0 = Debug|Win32
		{A90DF83B-1E82-4610-AFA2-3AC7010BF5D9}.Debug CONSOLE.ActiveCfg = Debug CONSOLE|Win32
		{A90DF83B-1E82-4610-AFA2-3AC7010BF5D9}.Debug CONSOLE.Build.0 = Debug CONSOLE|Win32
		{A90DF83B-1E82-4610-AFA2-3AC7010BF5D9}.Release.ActiveCfg = Release|Win32
		{A90DF83B-1E82-4610-AFA2-3AC7010BF5D9}.Release.Build.0 = Release|Win32
		{A90DF83B-1E82-4610-AFA2-3AC7010BF5D9}.Release CONSOLE.ActiveCfg = ReleaseDLL|Win32
		{A90DF83B-1E82-4610-AFA2-3AC7010BF5D9}.Release CONSOLE.Build.0 = ReleaseDLL|Win32
		{C815B005-1292-47F7-9052-F46676CE2879}.Debug.ActiveCfg = Debug|Win32
		{C815B005-1292-47F7-9052-F46676CE2879}.Debug.Build.0 = Debug|Win32
		{C815B005-1292-47F7-9052-F46676CE2879}.Debug CONSOLE.ActiveCfg = Debug|Win32
		{C815B005-1292-47F7-9052-F46676CE2879}.Debug CONSOLE.Build.0 = Debug|Win32
		{C815B005-1292-47F7-9052-F46676CE2879}.Release.ActiveCfg = Release|Win32
		{C815B005-1292-47F7-9052-F46676CE2879}.Release.Build.0 = Release|Win32
		{C815B005-1292-47F7-9052-F46676CE2879}.Release CONSOLE.ActiveCfg = Release|Win32
		{C815B005-1292-47F7-9052-F46676CE2879}.Release CONSOLE.Build.0 = Release|Win32
	EndGlobalSection
	GlobalSection(ExtensibilityGlobals) = postSolution
	EndGlobalSection
	GlobalSection(ExtensibilityAddIns) = postSolution
	EndGlobalSection
EndGlobal
